
Microsoft Visual Studio Solution File, Format Version 12.00
# Visual Studio 14
VisualStudioVersion = 14.0.25420.1
MinimumVisualStudioVersion = 10.0.40219.1
Project("{FAE04EC0-301F-11D3-BF4B-00C04F79EFBC}") = "UltraCreditCardValidator", "UltraCreditCardValidator\UltraCreditCardValidator.csproj", "{AAE3504B-CC65-4AA1-BF25-C2C296C4E445}"
EndProject
Project("{FAE04EC0-301F-11D3-BF4B-00C04F79EFBC}") = "UltraCreditCardValidator.Test.Unit", "UltraCreditCardValidator.Test.Unit\UltraCreditCardValidator.Test.Unit.csproj", "{654DD813-39BD-4787-82DE-A36006745B2C}"
EndProject
Global
	GlobalSection(SolutionConfigurationPlatforms) = preSolution
		Debug|Any CPU = Debug|Any CPU
		Release|Any CPU = Release|Any CPU
	EndGlobalSection
	GlobalSection(ProjectConfigurationPlatforms) = postSolution
		{AAE3504B-CC65-4AA1-BF25-C2C296C4E445}.Debug|Any CPU.ActiveCfg = Debug|Any CPU
		{AAE3504B-CC65-4AA1-BF25-C2C296C4E445}.Debug|Any CPU.Build.0 = Debug|Any CPU
		{AAE3504B-CC65-4AA1-BF25-C2C296C4E445}.Release|Any CPU.ActiveCfg = Release|Any CPU
		{AAE3504B-CC65-4AA1-BF25-C2C296C4E445}.Release|Any CPU.Build.0 = Release|Any CPU
		{654DD813-39BD-4787-82DE-A36006745B2C}.Debug|Any CPU.ActiveCfg = Debug|Any CPU
		{654DD813-39BD-4787-82DE-A36006745B2C}.Debug|Any CPU.Build.0 = Debug|Any CPU
		{654DD813-39BD-4787-82DE-A36006745B2C}.Release|Any CPU.ActiveCfg = Release|Any CPU
		{654DD813-39BD-4787-82DE-A36006745B2C}.Release|Any CPU.Build.0 = Release|Any CPU
	EndGlobalSection
	GlobalSection(SolutionProperties) = preSolution
		HideSolutionNode = FALSE
	EndGlobalSection
EndGlobal
